// !$*UTF8*$!
{
	archiveVersion = 1;
	classes = {
	};
	objectVersion = 56;
	objects = {

/* Begin PBXBuildFile section */
		437010992C616117004CA21A /* imagePicker.swift in Sources */ = {isa = PBXBuildFile; fileRef = 437010982C616117004CA21A /* imagePicker.swift */; };
		4370109B2C690316004CA21A /* petsLabel.swift in Sources */ = {isa = PBXBuildFile; fileRef = 4370109A2C690316004CA21A /* petsLabel.swift */; };
		4373DED62C5A8C65005A97F6 /* Cloudkit_testApp.swift in Sources */ = {isa = PBXBuildFile; fileRef = 4373DED52C5A8C65005A97F6 /* Cloudkit_testApp.swift */; };
		4373DED82C5A8C65005A97F6 /* ContentView.swift in Sources */ = {isa = PBXBuildFile; fileRef = 4373DED72C5A8C65005A97F6 /* ContentView.swift */; };
		4373DEDA2C5A8C67005A97F6 /* Assets.xcassets in Resources */ = {isa = PBXBuildFile; fileRef = 4373DED92C5A8C67005A97F6 /* Assets.xcassets */; };
		4373DEDD2C5A8C67005A97F6 /* Preview Assets.xcassets in Resources */ = {isa = PBXBuildFile; fileRef = 4373DEDC2C5A8C67005A97F6 /* Preview Assets.xcassets */; };
		4373DEE42C5A8EC3005A97F6 /* cloudkituser.swift in Sources */ = {isa = PBXBuildFile; fileRef = 4373DEE32C5A8EC3005A97F6 /* cloudkituser.swift */; };
		438625CC2C5FE86E00DFE2C3 /* checkuserVM.swift in Sources */ = {isa = PBXBuildFile; fileRef = 438625CB2C5FE86E00DFE2C3 /* checkuserVM.swift */; };
		438625CE2C5FEBC800DFE2C3 /* cloudkitAddRecord.swift in Sources */ = {isa = PBXBuildFile; fileRef = 438625CD2C5FEBC800DFE2C3 /* cloudkitAddRecord.swift */; };
		4388E0FC2C615EB100F1BCC9 /* cloudKitCRUDVM.swift in Sources */ = {isa = PBXBuildFile; fileRef = 4388E0FB2C615EB100F1BCC9 /* cloudKitCRUDVM.swift */; };
		4388E0FE2C615EDF00F1BCC9 /* petsModel.swift in Sources */ = {isa = PBXBuildFile; fileRef = 4388E0FD2C615EDF00F1BCC9 /* petsModel.swift */; };
		439CBEAE2C691ED300986434 /* tagsVM.swift in Sources */ = {isa = PBXBuildFile; fileRef = 439CBEAD2C691ED300986434 /* tagsVM.swift */; };
/* End PBXBuildFile section */

/* Begin PBXFileReference section */
		437010982C616117004CA21A /* imagePicker.swift */ = {isa = PBXFileReference; lastKnownFileType = sourcecode.swift; path = imagePicker.swift; sourceTree = "<group>"; };
		4370109A2C690316004CA21A /* petsLabel.swift */ = {isa = PBXFileReference; lastKnownFileType = sourcecode.swift; path = petsLabel.swift; sourceTree = "<group>"; };
		4373DED22C5A8C65005A97F6 /* Cloudkit_test.app */ = {isa = PBXFileReference; explicitFileType = wrapper.application; includeInIndex = 0; path = Cloudkit_test.app; sourceTree = BUILT_PRODUCTS_DIR; };
		4373DED52C5A8C65005A97F6 /* Cloudkit_testApp.swift */ = {isa = PBXFileReference; lastKnownFileType = sourcecode.swift; path = Cloudkit_testApp.swift; sourceTree = "<group>"; };
		4373DED72C5A8C65005A97F6 /* ContentView.swift */ = {isa = PBXFileReference; lastKnownFileType = sourcecode.swift; path = ContentView.swift; sourceTree = "<group>"; };
		4373DED92C5A8C67005A97F6 /* Assets.xcassets */ = {isa = PBXFileReference; lastKnownFileType = folder.assetcatalog; path = Assets.xcassets; sourceTree = "<group>"; };
		4373DEDC2C5A8C67005A97F6 /* Preview Assets.xcassets */ = {isa = PBXFileReference; lastKnownFileType = folder.assetcatalog; path = "Preview Assets.xcassets"; sourceTree = "<group>"; };
		4373DEE32C5A8EC3005A97F6 /* cloudkituser.swift */ = {isa = PBXFileReference; lastKnownFileType = sourcecode.swift; path = cloudkituser.swift; sourceTree = "<group>"; };
		4373DEE52C5A8F1B005A97F6 /* Cloudkit_test.entitlements */ = {isa = PBXFileReference; lastKnownFileType = text.plist.entitlements; path = Cloudkit_test.entitlements; sourceTree = "<group>"; };
		438625CB2C5FE86E00DFE2C3 /* checkuserVM.swift */ = {isa = PBXFileReference; lastKnownFileType = sourcecode.swift; path = checkuserVM.swift; sourceTree = "<group>"; };
		438625CD2C5FEBC800DFE2C3 /* cloudkitAddRecord.swift */ = {isa = PBXFileReference; lastKnownFileType = sourcecode.swift; path = cloudkitAddRecord.swift; sourceTree = "<group>"; };
		4388E0FB2C615EB100F1BCC9 /* cloudKitCRUDVM.swift */ = {isa = PBXFileReference; lastKnownFileType = sourcecode.swift; path = cloudKitCRUDVM.swift; sourceTree = "<group>"; };
		4388E0FD2C615EDF00F1BCC9 /* petsModel.swift */ = {isa = PBXFileReference; lastKnownFileType = sourcecode.swift; path = petsModel.swift; sourceTree = "<group>"; };
		439CBEAD2C691ED300986434 /* tagsVM.swift */ = {isa = PBXFileReference; lastKnownFileType = sourcecode.swift; path = tagsVM.swift; sourceTree = "<group>"; };
/* End PBXFileReference section */

/* Begin PBXFrameworksBuildPhase section */
		4373DECF2C5A8C65005A97F6 /* Frameworks */ = {
			isa = PBXFrameworksBuildPhase;
			buildActionMask = 2147483647;
			files = (
			);
			runOnlyForDeploymentPostprocessing = 0;
		};
/* End PBXFrameworksBuildPhase section */

/* Begin PBXGroup section */
		437010972C616107004CA21A /* components */ = {
			isa = PBXGroup;
			children = (
				437010982C616117004CA21A /* imagePicker.swift */,
			);
			path = components;
			sourceTree = "<group>";
		};
		4373DEC92C5A8C65005A97F6 = {
			isa = PBXGroup;
			children = (
				4373DED42C5A8C65005A97F6 /* Cloudkit_test */,
				4373DED32C5A8C65005A97F6 /* Products */,
			);
			sourceTree = "<group>";
		};
		4373DED32C5A8C65005A97F6 /* Products */ = {
			isa = PBXGroup;
			children = (
				4373DED22C5A8C65005A97F6 /* Cloudkit_test.app */,
			);
			name = Products;
			sourceTree = "<group>";
		};
		4373DED42C5A8C65005A97F6 /* Cloudkit_test */ = {
			isa = PBXGroup;
			children = (
				438625CA2C5FE1AD00DFE2C3 /* ViewModel */,
				438625C92C5FE1A300DFE2C3 /* Model */,
				438625C82C5FE19600DFE2C3 /* View */,
				4373DEE52C5A8F1B005A97F6 /* Cloudkit_test.entitlements */,
				4373DED52C5A8C65005A97F6 /* Cloudkit_testApp.swift */,
				4373DED92C5A8C67005A97F6 /* Assets.xcassets */,
				4373DEDB2C5A8C67005A97F6 /* Preview Content */,
			);
			path = Cloudkit_test;
			sourceTree = "<group>";
		};
		4373DEDB2C5A8C67005A97F6 /* Preview Content */ = {
			isa = PBXGroup;
			children = (
				4373DEDC2C5A8C67005A97F6 /* Preview Assets.xcassets */,
			);
			path = "Preview Content";
			sourceTree = "<group>";
		};
		438625C82C5FE19600DFE2C3 /* View */ = {
			isa = PBXGroup;
			children = (
				437010972C616107004CA21A /* components */,
				4373DED72C5A8C65005A97F6 /* ContentView.swift */,
				4373DEE32C5A8EC3005A97F6 /* cloudkituser.swift */,
				438625CD2C5FEBC800DFE2C3 /* cloudkitAddRecord.swift */,
			);
			path = View;
			sourceTree = "<group>";
		};
		438625C92C5FE1A300DFE2C3 /* Model */ = {
			isa = PBXGroup;
			children = (
				4388E0FD2C615EDF00F1BCC9 /* petsModel.swift */,
				4370109A2C690316004CA21A /* petsLabel.swift */,
			);
			path = Model;
			sourceTree = "<group>";
		};
		438625CA2C5FE1AD00DFE2C3 /* ViewModel */ = {
			isa = PBXGroup;
			children = (
				439CBEAD2C691ED300986434 /* tagsVM.swift */,
				438625CB2C5FE86E00DFE2C3 /* checkuserVM.swift */,
				4388E0FB2C615EB100F1BCC9 /* cloudKitCRUDVM.swift */,
			);
			path = ViewModel;
			sourceTree = "<group>";
		};
/* End PBXGroup section */

/* Begin PBXNativeTarget section */
		4373DED12C5A8C65005A97F6 /* Cloudkit_test */ = {
			isa = PBXNativeTarget;
			buildConfigurationList = 4373DEE02C5A8C67005A97F6 /* Build configuration list for PBXNativeTarget "Cloudkit_test" */;
			buildPhases = (
				4373DECE2C5A8C65005A97F6 /* Sources */,
				4373DECF2C5A8C65005A97F6 /* Frameworks */,
				4373DED02C5A8C65005A97F6 /* Resources */,
			);
			buildRules = (
			);
			dependencies = (
			);
			name = Cloudkit_test;
			productName = Cloudkit_test;
			productReference = 4373DED22C5A8C65005A97F6 /* Cloudkit_test.app */;
			productType = "com.apple.product-type.application";
		};
/* End PBXNativeTarget section */

/* Begin PBXProject section */
		4373DECA2C5A8C65005A97F6 /* Project object */ = {
			isa = PBXProject;
			attributes = {
				BuildIndependentTargetsInParallel = 1;
				LastSwiftUpdateCheck = 1520;
				LastUpgradeCheck = 1520;
				TargetAttributes = {
					4373DED12C5A8C65005A97F6 = {
						CreatedOnToolsVersion = 15.2;
					};
				};
			};
			buildConfigurationList = 4373DECD2C5A8C65005A97F6 /* Build configuration list for PBXProject "Cloudkit_test" */;
			compatibilityVersion = "Xcode 14.0";
			developmentRegion = en;
			hasScannedForEncodings = 0;
			knownRegions = (
				en,
				Base,
			);
			mainGroup = 4373DEC92C5A8C65005A97F6;
			productRefGroup = 4373DED32C5A8C65005A97F6 /* Products */;
			projectDirPath = "";
			projectRoot = "";
			targets = (
				4373DED12C5A8C65005A97F6 /* Cloudkit_test */,
			);
		};
/* End PBXProject section */

/* Begin PBXResourcesBuildPhase section */
		4373DED02C5A8C65005A97F6 /* Resources */ = {
			isa = PBXResourcesBuildPhase;
			buildActionMask = 2147483647;
			files = (
				4373DEDD2C5A8C67005A97F6 /* Preview Assets.xcassets in Resources */,
				4373DEDA2C5A8C67005A97F6 /* Assets.xcassets in Resources */,
			);
			runOnlyForDeploymentPostprocessing = 0;
		};
/* End PBXResourcesBuildPhase section */

/* Begin PBXSourcesBuildPhase section */
		4373DECE2C5A8C65005A97F6 /* Sources */ = {
			isa = PBXSourcesBuildPhase;
			buildActionMask = 2147483647;
			files = (
				438625CC2C5FE86E00DFE2C3 /* checkuserVM.swift in Sources */,
				4373DED82C5A8C65005A97F6 /* ContentView.swift in Sources */,
				4373DED62C5A8C65005A97F6 /* Cloudkit_testApp.swift in Sources */,
				438625CE2C5FEBC800DFE2C3 /* cloudkitAddRecord.swift in Sources */,
				4388E0FE2C615EDF00F1BCC9 /* petsModel.swift in Sources */,
				437010992C616117004CA21A /* imagePicker.swift in Sources */,
				4373DEE42C5A8EC3005A97F6 /* cloudkituser.swift in Sources */,
				439CBEAE2C691ED300986434 /* tagsVM.swift in Sources */,
				4388E0FC2C615EB100F1BCC9 /* cloudKitCRUDVM.swift in Sources */,
				4370109B2C690316004CA21A /* petsLabel.swift in Sources */,
			);
			runOnlyForDeploymentPostprocessing = 0;
		};
/* End PBXSourcesBuildPhase section */

/* Begin XCBuildConfiguration section */
		4373DEDE2C5A8C67005A97F6 /* Debug */ = {
			isa = XCBuildConfiguration;
			buildSettings = {
				ALWAYS_SEARCH_USER_PATHS = NO;
				ASSETCATALOG_COMPILER_GENERATE_SWIFT_ASSET_SYMBOL_EXTENSIONS = YES;
				CLANG_ANALYZER_NONNULL = YES;
				CLANG_ANALYZER_NUMBER_OBJECT_CONVERSION = YES_AGGRESSIVE;
				CLANG_CXX_LANGUAGE_STANDARD = "gnu++20";
				CLANG_ENABLE_MODULES = YES;
				CLANG_ENABLE_OBJC_ARC = YES;
				CLANG_ENABLE_OBJC_WEAK = YES;
				CLANG_WARN_BLOCK_CAPTURE_AUTORELEASING = YES;
				CLANG_WARN_BOOL_CONVERSION = YES;
				CLANG_WARN_COMMA = YES;
				CLANG_WARN_CONSTANT_CONVERSION = YES;
				CLANG_WARN_DEPRECATED_OBJC_IMPLEMENTATIONS = YES;
				CLANG_WARN_DIRECT_OBJC_ISA_USAGE = YES_ERROR;
				CLANG_WARN_DOCUMENTATION_COMMENTS = YES;
				CLANG_WARN_EMPTY_BODY = YES;
				CLANG_WARN_ENUM_CONVERSION = YES;
				CLANG_WARN_INFINITE_RECURSION = YES;
				CLANG_WARN_INT_CONVERSION = YES;
				CLANG_WARN_NON_LITERAL_NULL_CONVERSION = YES;
				CLANG_WARN_OBJC_IMPLICIT_RETAIN_SELF = YES;
				CLANG_WARN_OBJC_LITERAL_CONVERSION = YES;
				CLANG_WARN_OBJC_ROOT_CLASS = YES_ERROR;
				CLANG_WARN_QUOTED_INCLUDE_IN_FRAMEWORK_HEADER = YES;
				CLANG_WARN_RANGE_LOOP_ANALYSIS = YES;
				CLANG_WARN_STRICT_PROTOTYPES = YES;
				CLANG_WARN_SUSPICIOUS_MOVE = YES;
				CLANG_WARN_UNGUARDED_AVAILABILITY = YES_AGGRESSIVE;
				CLANG_WARN_UNREACHABLE_CODE = YES;
				CLANG_WARN__DUPLICATE_METHOD_MATCH = YES;
				COPY_PHASE_STRIP = NO;
				DEBUG_INFORMATION_FORMAT = dwarf;
				ENABLE_STRICT_OBJC_MSGSEND = YES;
				ENABLE_TESTABILITY = YES;
				ENABLE_USER_SCRIPT_SANDBOXING = YES;
				GCC_C_LANGUAGE_STANDARD = gnu17;
				GCC_DYNAMIC_NO_PIC = NO;
				GCC_NO_COMMON_BLOCKS = YES;
				GCC_OPTIMIZATION_LEVEL = 0;
				GCC_PREPROCESSOR_DEFINITIONS = (
					"DEBUG=1",
					"$(inherited)",
				);
				GCC_WARN_64_TO_32_BIT_CONVERSION = YES;
				GCC_WARN_ABOUT_RETURN_TYPE = YES_ERROR;
				GCC_WARN_UNDECLARED_SELECTOR = YES;
				GCC_WARN_UNINITIALIZED_AUTOS = YES_AGGRESSIVE;
				GCC_WARN_UNUSED_FUNCTION = YES;
				GCC_WARN_UNUSED_VARIABLE = YES;
				IPHONEOS_DEPLOYMENT_TARGET = 17.2;
				LOCALIZATION_PREFERS_STRING_CATALOGS = YES;
				MTL_ENABLE_DEBUG_INFO = INCLUDE_SOURCE;
				MTL_FAST_MATH = YES;
				ONLY_ACTIVE_ARCH = YES;
				SDKROOT = iphoneos;
				SWIFT_ACTIVE_COMPILATION_CONDITIONS = "DEBUG $(inherited)";
				SWIFT_OPTIMIZATION_LEVEL = "-Onone";
			};
			name = Debug;
		};
		4373DEDF2C5A8C67005A97F6 /* Release */ = {
			isa = XCBuildConfiguration;
			buildSettings = {
				ALWAYS_SEARCH_USER_PATHS = NO;
				ASSETCATALOG_COMPILER_GENERATE_SWIFT_ASSET_SYMBOL_EXTENSIONS = YES;
				CLANG_ANALYZER_NONNULL = YES;
				CLANG_ANALYZER_NUMBER_OBJECT_CONVERSION = YES_AGGRESSIVE;
				CLANG_CXX_LANGUAGE_STANDARD = "gnu++20";
				CLANG_ENABLE_MODULES = YES;
				CLANG_ENABLE_OBJC_ARC = YES;
				CLANG_ENABLE_OBJC_WEAK = YES;
				CLANG_WARN_BLOCK_CAPTURE_AUTORELEASING = YES;
				CLANG_WARN_BOOL_CONVERSION = YES;
				CLANG_WARN_COMMA = YES;
				CLANG_WARN_CONSTANT_CONVERSION = YES;
				CLANG_WARN_DEPRECATED_OBJC_IMPLEMENTATIONS = YES;
				CLANG_WARN_DIRECT_OBJC_ISA_USAGE = YES_ERROR;
				CLANG_WARN_DOCUMENTATION_COMMENTS = YES;
				CLANG_WARN_EMPTY_BODY = YES;
				CLANG_WARN_ENUM_CONVERSION = YES;
				CLANG_WARN_INFINITE_RECURSION = YES;
				CLANG_WARN_INT_CONVERSION = YES;
				CLANG_WARN_NON_LITERAL_NULL_CONVERSION = YES;
				CLANG_WARN_OBJC_IMPLICIT_RETAIN_SELF = YES;
				CLANG_WARN_OBJC_LITERAL_CONVERSION = YES;
				CLANG_WARN_OBJC_ROOT_CLASS = YES_ERROR;
				CLANG_WARN_QUOTED_INCLUDE_IN_FRAMEWORK_HEADER = YES;
				CLANG_WARN_RANGE_LOOP_ANALYSIS = YES;
				CLANG_WARN_STRICT_PROTOTYPES = YES;
				CLANG_WARN_SUSPICIOUS_MOVE = YES;
				CLANG_WARN_UNGUARDED_AVAILABILITY = YES_AGGRESSIVE;
				CLANG_WARN_UNREACHABLE_CODE = YES;
				CLANG_WARN__DUPLICATE_METHOD_MATCH = YES;
				COPY_PHASE_STRIP = NO;
				DEBUG_INFORMATION_FORMAT = "dwarf-with-dsym";
				ENABLE_NS_ASSERTIONS = NO;
				ENABLE_STRICT_OBJC_MSGSEND = YES;
				ENABLE_USER_SCRIPT_SANDBOXING = YES;
				GCC_C_LANGUAGE_STANDARD = gnu17;
				GCC_NO_COMMON_BLOCKS = YES;
				GCC_WARN_64_TO_32_BIT_CONVERSION = YES;
				GCC_WARN_ABOUT_RETURN_TYPE = YES_ERROR;
				GCC_WARN_UNDECLARED_SELECTOR = YES;
				GCC_WARN_UNINITIALIZED_AUTOS = YES_AGGRESSIVE;
				GCC_WARN_UNUSED_FUNCTION = YES;
				GCC_WARN_UNUSED_VARIABLE = YES;
				IPHONEOS_DEPLOYMENT_TARGET = 17.2;
				LOCALIZATION_PREFERS_STRING_CATALOGS = YES;
				MTL_ENABLE_DEBUG_INFO = NO;
				MTL_FAST_MATH = YES;
				SDKROOT = iphoneos;
				SWIFT_COMPILATION_MODE = wholemodule;
				VALIDATE_PRODUCT = YES;
			};
			name = Release;
		};
		4373DEE12C5A8C67005A97F6 /* Debug */ = {
			isa = XCBuildConfiguration;
			buildSettings = {
				ASSETCATALOG_COMPILER_APPICON_NAME = AppIcon;
				ASSETCATALOG_COMPILER_GLOBAL_ACCENT_COLOR_NAME = AccentColor;
				CODE_SIGN_ENTITLEMENTS = Cloudkit_test/Cloudkit_test.entitlements;
				CODE_SIGN_IDENTITY = "Apple Development";
				CODE_SIGN_STYLE = Automatic;
				CURRENT_PROJECT_VERSION = 1;
				DEVELOPMENT_ASSET_PATHS = "\"Cloudkit_test/Preview Content\"";
				DEVELOPMENT_TEAM = F7Q8Z8A9XT;
				ENABLE_PREVIEWS = YES;
				GENERATE_INFOPLIST_FILE = YES;
				INFOPLIST_KEY_UIApplicationSceneManifest_Generation = YES;
				INFOPLIST_KEY_UIApplicationSupportsIndirectInputEvents = YES;
				INFOPLIST_KEY_UILaunchScreen_Generation = YES;
				INFOPLIST_KEY_UISupportedInterfaceOrientations_iPad = "UIInterfaceOrientationPortrait UIInterfaceOrientationPortraitUpsideDown UIInterfaceOrientationLandscapeLeft UIInterfaceOrientationLandscapeRight";
				INFOPLIST_KEY_UISupportedInterfaceOrientations_iPhone = "UIInterfaceOrientationPortrait UIInterfaceOrientationLandscapeLeft UIInterfaceOrientationLandscapeRight";
				LD_RUNPATH_SEARCH_PATHS = (
					"$(inherited)",
					"@executable_path/Frameworks",
				);
				MARKETING_VERSION = 1.0;
				PRODUCT_BUNDLE_IDENTIFIER = "Kucing.Cloudkit-test";
				PRODUCT_NAME = "$(TARGET_NAME)";
				PROVISIONING_PROFILE_SPECIFIER = "";
				SWIFT_EMIT_LOC_STRINGS = YES;
				SWIFT_VERSION = 5.0;
				TARGETED_DEVICE_FAMILY = "1,2";
			};
			name = Debug;
		};
		4373DEE22C5A8C67005A97F6 /* Release */ = {
			isa = XCBuildConfiguration;
			buildSettings = {
				ASSETCATALOG_COMPILER_APPICON_NAME = AppIcon;
				ASSETCATALOG_COMPILER_GLOBAL_ACCENT_COLOR_NAME = AccentColor;
				CODE_SIGN_ENTITLEMENTS = Cloudkit_test/Cloudkit_test.entitlements;
				CODE_SIGN_IDENTITY = "Apple Development";
				CODE_SIGN_STYLE = Automatic;
				CURRENT_PROJECT_VERSION = 1;
				DEVELOPMENT_ASSET_PATHS = "\"Cloudkit_test/Preview Content\"";
				DEVELOPMENT_TEAM = F7Q8Z8A9XT;
				ENABLE_PREVIEWS = YES;
				GENERATE_INFOPLIST_FILE = YES;
				INFOPLIST_KEY_UIApplicationSceneManifest_Generation = YES;
				INFOPLIST_KEY_UIApplicationSupportsIndirectInputEvents = YES;
				INFOPLIST_KEY_UILaunchScreen_Generation = YES;
				INFOPLIST_KEY_UISupportedInterfaceOrientations_iPad = "UIInterfaceOrientationPortrait UIInterfaceOrientationPortraitUpsideDown UIInterfaceOrientationLandscapeLeft UIInterfaceOrientationLandscapeRight";
				INFOPLIST_KEY_UISupportedInterfaceOrientations_iPhone = "UIInterfaceOrientationPortrait UIInterfaceOrientationLandscapeLeft UIInterfaceOrientationLandscapeRight";
				LD_RUNPATH_SEARCH_PATHS = (
					"$(inherited)",
					"@executable_path/Frameworks",
				);
				MARKETING_VERSION = 1.0;
				PRODUCT_BUNDLE_IDENTIFIER = "Kucing.Cloudkit-test";
				PRODUCT_NAME = "$(TARGET_NAME)";
				PROVISIONING_PROFILE_SPECIFIER = "";
				SWIFT_EMIT_LOC_STRINGS = YES;
				SWIFT_VERSION = 5.0;
				TARGETED_DEVICE_FAMILY = "1,2";
			};
			name = Release;
		};
/* End XCBuildConfiguration section */

/* Begin XCConfigurationList section */
		4373DECD2C5A8C65005A97F6 /* Build configuration list for PBXProject "Cloudkit_test" */ = {
			isa = XCConfigurationList;
			buildConfigurations = (
				4373DEDE2C5A8C67005A97F6 /* Debug */,
				4373DEDF2C5A8C67005A97F6 /* Release */,
			);
			defaultConfigurationIsVisible = 0;
			defaultConfigurationName = Release;
		};
		4373DEE02C5A8C67005A97F6 /* Build configuration list for PBXNativeTarget "Cloudkit_test" */ = {
			isa = XCConfigurationList;
			buildConfigurations = (
				4373DEE12C5A8C67005A97F6 /* Debug */,
				4373DEE22C5A8C67005A97F6 /* Release */,
			);
			defaultConfigurationIsVisible = 0;
			defaultConfigurationName = Release;
		};
/* End XCConfigurationList section */
	};
	rootObject = 4373DECA2C5A8C65005A97F6 /* Project object */;
}
